{
  "nodes": {
    "fenix": {
      "inputs": {
        "nixpkgs": [
          "nixpkgs"
        ],
        "rust-analyzer-src": "rust-analyzer-src"
      },
      "locked": {
        "lastModified": 1767250179,
        "narHash": "sha256-PnQdWvPZqHp+7yaHWDFX3NYSKaOy0fjkwpR+rIQC7AY=",
        "rev": "a3eaf682db8800962943a77ab77c0aae966f9825",
        "revCount": 2511,
        "type": "tarball",
        "url": "https://api.flakehub.com/f/pinned/nix-community/fenix/0.1.2511%2Brev-a3eaf682db8800962943a77ab77c0aae966f9825/019b78a8-f9ad-7faf-9a11-350b6ae3fcd9/source.tar.gz"
      },
      "original": {
        "type": "tarball",
        "url": "https://flakehub.com/f/nix-community/fenix/0.1"
      }
    },
    "nixpkgs": {
      "locked": {
        "lastModified": 1767892417,
        "narHash": "sha256-dhhvQY67aboBk8b0/u0XB6vwHdgbROZT3fJAjyNh5Ww=",
        "rev": "3497aa5c9457a9d88d71fa93a4a8368816fbeeba",
        "revCount": 924538,
        "type": "tarball",
        "url": "https://api.flakehub.com/f/pinned/NixOS/nixpkgs/0.1.924538%2Brev-3497aa5c9457a9d88d71fa93a4a8368816fbeeba/019ba2f6-9b41-7674-b81c-5f768968b13a/source.tar.gz"
      },
      "original": {
        "type": "tarball",
        "url": "https://flakehub.com/f/NixOS/nixpkgs/0.1"
      }
    },
    "root": {
      "inputs": {
        "fenix": "fenix",
        "nixpkgs": "nixpkgs"
      }
    },
    "rust-analyzer-src": {
      "flake": false,
      "locked": {
        "lastModified": 1767191410,
        "narHash": "sha256-cCZGjubgDWmstvFkS6eAw2qk2ihgWkycw55u2dtLd70=",
        "owner": "rust-lang",
        "repo": "rust-analyzer",
        "rev": "a9026e6d5068172bf5a0d52a260bb290961d1cb4",
        "type": "github"
      },
      "original": {
        "owner": "rust-lang",
        "ref": "nightly",
        "repo": "rust-analyzer",
        "type": "github"
      }
    }
  },
  "root": "root",
  "version": 7
}
